
Microsoft Visual Studio Solution File, Format Version 12.00
# Visual Studio Version 16
VisualStudioVersion = 16.0.30804.86
MinimumVisualStudioVersion = 10.0.40219.1
Project("{FAE04EC0-301F-11D3-BF4B-00C04F79EFBC}") = "ReactRandomJokes.Web", "ReactRandomJokes.Web\ReactRandomJokes.Web.csproj", "{A8D9CC63-E374-4957-B91B-848A46228E83}"
EndProject
Project("{FAE04EC0-301F-11D3-BF4B-00C04F79EFBC}") = "ReactRandomJokes.Data", "ReactRandomJokes.Data\ReactRandomJokes.Data.csproj", "{9FADA142-404A-483E-9CF7-E170A5A0CFC4}"
EndProject
Global
	GlobalSection(SolutionConfigurationPlatforms) = preSolution
		Debug|Any CPU = Debug|Any CPU
		Release|Any CPU = Release|Any CPU
	EndGlobalSection
	GlobalSection(ProjectConfigurationPlatforms) = postSolution
		{A8D9CC63-E374-4957-B91B-848A46228E83}.Debug|Any CPU.ActiveCfg = Debug|Any CPU
		{A8D9CC63-E374-4957-B91B-848A46228E83}.Debug|Any CPU.Build.0 = Debug|Any CPU
		{A8D9CC63-E374-4957-B91B-848A46228E83}.Release|Any CPU.ActiveCfg = Release|Any CPU
		{A8D9CC63-E374-4957-B91B-848A46228E83}.Release|Any CPU.Build.0 = Release|Any CPU
		{9FADA142-404A-483E-9CF7-E170A5A0CFC4}.Debug|Any CPU.ActiveCfg = Debug|Any CPU
		{9FADA142-404A-483E-9CF7-E170A5A0CFC4}.Debug|Any CPU.Build.0 = Debug|Any CPU
		{9FADA142-404A-483E-9CF7-E170A5A0CFC4}.Release|Any CPU.ActiveCfg = Release|Any CPU
		{9FADA142-404A-483E-9CF7-E170A5A0CFC4}.Release|Any CPU.Build.0 = Release|Any CPU
	EndGlobalSection
	GlobalSection(SolutionProperties) = preSolution
		HideSolutionNode = FALSE
	EndGlobalSection
	GlobalSection(ExtensibilityGlobals) = postSolution
		SolutionGuid = {9ABD6D60-C8A2-4479-B9FF-C5B6A82DA208}
	EndGlobalSection
EndGlobal
